// !$*UTF8*$!
{
	archiveVersion = 1;
	classes = {
	};
	objectVersion = 50;
	objects = {

/* Begin PBXBuildFile section */
		688C2069210CEAD700C82C7A /* DateManager.framework in Frameworks */ = {isa = PBXBuildFile; fileRef = 688C205F210CEAD700C82C7A /* DateManager.framework */; };
		688C206E210CEAD700C82C7A /* DateManagerTests.swift in Sources */ = {isa = PBXBuildFile; fileRef = 688C206D210CEAD700C82C7A /* DateManagerTests.swift */; };
		688C2070210CEAD700C82C7A /* DateManager.h in Headers */ = {isa = PBXBuildFile; fileRef = 688C2062210CEAD700C82C7A /* DateManager.h */; settings = {ATTRIBUTES = (Public, ); }; };
		688C207A210CEF0D00C82C7A /* DateFormatManager.swift in Sources */ = {isa = PBXBuildFile; fileRef = 688C2079210CEF0D00C82C7A /* DateFormatManager.swift */; };
/* End PBXBuildFile section */

/* Begin PBXContainerItemProxy section */
		688C206A210CEAD700C82C7A /* PBXContainerItemProxy */ = {
			isa = PBXContainerItemProxy;
			containerPortal = 688C2056210CEAD700C82C7A /* Project object */;
			proxyType = 1;
			remoteGlobalIDString = 688C205E210CEAD700C82C7A;
			remoteInfo = DateManager;
		};
/* End PBXContainerItemProxy section */

/* Begin PBXFileReference section */
		688C205F210CEAD700C82C7A /* DateManager.framework */ = {isa = PBXFileReference; explicitFileType = wrapper.framework; includeInIndex = 0; path = DateManager.framework; sourceTree = BUILT_PRODUCTS_DIR; };
		688C2062210CEAD700C82C7A /* DateManager.h */ = {isa = PBXFileReference; lastKnownFileType = sourcecode.c.h; path = DateManager.h; sourceTree = "<group>"; };
		688C2063210CEAD700C82C7A /* Info.plist */ = {isa = PBXFileReference; lastKnownFileType = text.plist.xml; path = Info.plist; sourceTree = "<group>"; };
		688C2068210CEAD700C82C7A /* DateManagerTests.xctest */ = {isa = PBXFileReference; explicitFileType = wrapper.cfbundle; includeInIndex = 0; path = DateManagerTests.xctest; sourceTree = BUILT_PRODUCTS_DIR; };
		688C206D210CEAD700C82C7A /* DateManagerTests.swift */ = {isa = PBXFileReference; lastKnownFileType = sourcecode.swift; path = DateManagerTests.swift; sourceTree = "<group>"; };
		688C206F210CEAD700C82C7A /* Info.plist */ = {isa = PBXFileReference; lastKnownFileType = text.plist.xml; path = Info.plist; sourceTree = "<group>"; };
		688C2079210CEF0D00C82C7A /* DateFormatManager.swift */ = {isa = PBXFileReference; lastKnownFileType = sourcecode.swift; path = DateFormatManager.swift; sourceTree = "<group>"; };
/* End PBXFileReference section */

/* Begin PBXFrameworksBuildPhase section */
		688C205B210CEAD700C82C7A /* Frameworks */ = {
			isa = PBXFrameworksBuildPhase;
			buildActionMask = 2147483647;
			files = (
			);
			runOnlyForDeploymentPostprocessing = 0;
		};
		688C2065210CEAD700C82C7A /* Frameworks */ = {
			isa = PBXFrameworksBuildPhase;
			buildActionMask = 2147483647;
			files = (
				688C2069210CEAD700C82C7A /* DateManager.framework in Frameworks */,
			);
			runOnlyForDeploymentPostprocessing = 0;
		};
/* End PBXFrameworksBuildPhase section */

/* Begin PBXGroup section */
		688C2055210CEAD700C82C7A = {
			isa = PBXGroup;
			children = (
				688C2061210CEAD700C82C7A /* DateManager */,
				688C206C210CEAD700C82C7A /* DateManagerTests */,
				688C2060210CEAD700C82C7A /* Products */,
			);
			sourceTree = "<group>";
		};
		688C2060210CEAD700C82C7A /* Products */ = {
			isa = PBXGroup;
			children = (
				688C205F210CEAD700C82C7A /* DateManager.framework */,
				688C2068210CEAD700C82C7A /* DateManagerTests.xctest */,
			);
			name = Products;
			sourceTree = "<group>";
		};
		688C2061210CEAD700C82C7A /* DateManager */ = {
			isa = PBXGroup;
			children = (
				688C2062210CEAD700C82C7A /* DateManager.h */,
				688C2063210CEAD700C82C7A /* Info.plist */,
				688C2079210CEF0D00C82C7A /* DateFormatManager.swift */,
			);
			path = DateManager;
			sourceTree = "<group>";
		};
		688C206C210CEAD700C82C7A /* DateManagerTests */ = {
			isa = PBXGroup;
			children = (
				688C206D210CEAD700C82C7A /* DateManagerTests.swift */,
				688C206F210CEAD700C82C7A /* Info.plist */,
			);
			path = DateManagerTests;
			sourceTree = "<group>";
		};
/* End PBXGroup section */

/* Begin PBXHeadersBuildPhase section */
		688C205C210CEAD700C82C7A /* Headers */ = {
			isa = PBXHeadersBuildPhase;
			buildActionMask = 2147483647;
			files = (
				688C2070210CEAD700C82C7A /* DateManager.h in Headers */,
			);
			runOnlyForDeploymentPostprocessing = 0;
		};
/* End PBXHeadersBuildPhase section */

/* Begin PBXNativeTarget section */
		688C205E210CEAD700C82C7A /* DateManager */ = {
			isa = PBXNativeTarget;
			buildConfigurationList = 688C2073210CEAD700C82C7A /* Build configuration list for PBXNativeTarget "DateManager" */;
			buildPhases = (
				688C205A210CEAD700C82C7A /* Sources */,
				688C205B210CEAD700C82C7A /* Frameworks */,
				688C205C210CEAD700C82C7A /* Headers */,
				688C205D210CEAD700C82C7A /* Resources */,
			);
			buildRules = (
			);
			dependencies = (
			);
			name = DateManager;
			productName = DateManager;
			productReference = 688C205F210CEAD700C82C7A /* DateManager.framework */;
			productType = "com.apple.product-type.framework";
		};
		688C2067210CEAD700C82C7A /* DateManagerTests */ = {
			isa = PBXNativeTarget;
			buildConfigurationList = 688C2076210CEAD700C82C7A /* Build configuration list for PBXNativeTarget "DateManagerTests" */;
			buildPhases = (
				688C2064210CEAD700C82C7A /* Sources */,
				688C2065210CEAD700C82C7A /* Frameworks */,
				688C2066210CEAD700C82C7A /* Resources */,
			);
			buildRules = (
			);
			dependencies = (
				688C206B210CEAD700C82C7A /* PBXTargetDependency */,
			);
			name = DateManagerTests;
			productName = DateManagerTests;
			productReference = 688C2068210CEAD700C82C7A /* DateManagerTests.xctest */;
			productType = "com.apple.product-type.bundle.unit-test";
		};
/* End PBXNativeTarget section */

/* Begin PBXProject section */
		688C2056210CEAD700C82C7A /* Project object */ = {
			isa = PBXProject;
			attributes = {
				LastSwiftUpdateCheck = 0930;
				LastUpgradeCheck = 0930;
				ORGANIZATIONNAME = Harry;
				TargetAttributes = {
					688C205E210CEAD700C82C7A = {
						CreatedOnToolsVersion = 9.3;
						LastSwiftMigration = 0930;
					};
					688C2067210CEAD700C82C7A = {
						CreatedOnToolsVersion = 9.3;
					};
				};
			};
			buildConfigurationList = 688C2059210CEAD700C82C7A /* Build configuration list for PBXProject "DateManager" */;
			compatibilityVersion = "Xcode 9.3";
			developmentRegion = en;
			hasScannedForEncodings = 0;
			knownRegions = (
				en,
			);
			mainGroup = 688C2055210CEAD700C82C7A;
			productRefGroup = 688C2060210CEAD700C82C7A /* Products */;
			projectDirPath = "";
			projectRoot = "";
			targets = (
				688C205E210CEAD700C82C7A /* DateManager */,
				688C2067210CEAD700C82C7A /* DateManagerTests */,
			);
		};
/* End PBXProject section */

/* Begin PBXResourcesBuildPhase section */
		688C205D210CEAD700C82C7A /* Resources */ = {
			isa = PBXResourcesBuildPhase;
			buildActionMask = 2147483647;
			files = (
			);
			runOnlyForDeploymentPostprocessing = 0;
		};
		688C2066210CEAD700C82C7A /* Resources */ = {
			isa = PBXResourcesBuildPhase;
			buildActionMask = 2147483647;
			files = (
			);
			runOnlyForDeploymentPostprocessing = 0;
		};
/* End PBXResourcesBuildPhase section */

/* Begin PBXSourcesBuildPhase section */
		688C205A210CEAD700C82C7A /* Sources */ = {
			isa = PBXSourcesBuildPhase;
			buildActionMask = 2147483647;
			files = (
				688C207A210CEF0D00C82C7A /* DateFormatManager.swift in Sources */,
			);
			runOnlyForDeploymentPostprocessing = 0;
		};
		688C2064210CEAD700C82C7A /* Sources */ = {
			isa = PBXSourcesBuildPhase;
			buildActionMask = 2147483647;
			files = (
				688C206E210CEAD700C82C7A /* DateManagerTests.swift in Sources */,
			);
			runOnlyForDeploymentPostprocessing = 0;
		};
/* End PBXSourcesBuildPhase section */

/* Begin PBXTargetDependency section */
		688C206B210CEAD700C82C7A /* PBXTargetDependency */ = {
			isa = PBXTargetDependency;
			target = 688C205E210CEAD700C82C7A /* DateManager */;
			targetProxy = 688C206A210CEAD700C82C7A /* PBXContainerItemProxy */;
		};
/* End PBXTargetDependency section */

/* Begin XCBuildConfiguration section */
		688C2071210CEAD700C82C7A /* Debug */ = {
			isa = XCBuildConfiguration;
			buildSettings = {
				ALWAYS_SEARCH_USER_PATHS = NO;
				CLANG_ANALYZER_NONNULL = YES;
				CLANG_ANALYZER_NUMBER_OBJECT_CONVERSION = YES_AGGRESSIVE;
				CLANG_CXX_LANGUAGE_STANDARD = "gnu++14";
				CLANG_CXX_LIBRARY = "libc++";
				CLANG_ENABLE_MODULES = YES;
				CLANG_ENABLE_OBJC_ARC = YES;
				CLANG_ENABLE_OBJC_WEAK = YES;
				CLANG_WARN_BLOCK_CAPTURE_AUTORELEASING = YES;
				CLANG_WARN_BOOL_CONVERSION = YES;
				CLANG_WARN_COMMA = YES;
				CLANG_WARN_CONSTANT_CONVERSION = YES;
				CLANG_WARN_DEPRECATED_OBJC_IMPLEMENTATIONS = YES;
				CLANG_WARN_DIRECT_OBJC_ISA_USAGE = YES_ERROR;
				CLANG_WARN_DOCUMENTATION_COMMENTS = YES;
				CLANG_WARN_EMPTY_BODY = YES;
				CLANG_WARN_ENUM_CONVERSION = YES;
				CLANG_WARN_INFINITE_RECURSION = YES;
				CLANG_WARN_INT_CONVERSION = YES;
				CLANG_WARN_NON_LITERAL_NULL_CONVERSION = YES;
				CLANG_WARN_OBJC_IMPLICIT_RETAIN_SELF = YES;
				CLANG_WARN_OBJC_LITERAL_CONVERSION = YES;
				CLANG_WARN_OBJC_ROOT_CLASS = YES_ERROR;
				CLANG_WARN_RANGE_LOOP_ANALYSIS = YES;
				CLANG_WARN_STRICT_PROTOTYPES = YES;
				CLANG_WARN_SUSPICIOUS_MOVE = YES;
				CLANG_WARN_UNGUARDED_AVAILABILITY = YES_AGGRESSIVE;
				CLANG_WARN_UNREACHABLE_CODE = YES;
				CLANG_WARN__DUPLICATE_METHOD_MATCH = YES;
				CODE_SIGN_IDENTITY = "iPhone Developer";
				COPY_PHASE_STRIP = NO;
				CURRENT_PROJECT_VERSION = 1;
				DEBUG_INFORMATION_FORMAT = dwarf;
				ENABLE_STRICT_OBJC_MSGSEND = YES;
				ENABLE_TESTABILITY = YES;
				GCC_C_LANGUAGE_STANDARD = gnu11;
				GCC_DYNAMIC_NO_PIC = NO;
				GCC_NO_COMMON_BLOCKS = YES;
				GCC_OPTIMIZATION_LEVEL = 0;
				GCC_PREPROCESSOR_DEFINITIONS = (
					"DEBUG=1",
					"$(inherited)",
				);
				GCC_WARN_64_TO_32_BIT_CONVERSION = YES;
				GCC_WARN_ABOUT_RETURN_TYPE = YES_ERROR;
				GCC_WARN_UNDECLARED_SELECTOR = YES;
				GCC_WARN_UNINITIALIZED_AUTOS = YES_AGGRESSIVE;
				GCC_WARN_UNUSED_FUNCTION = YES;
				GCC_WARN_UNUSED_VARIABLE = YES;
				IPHONEOS_DEPLOYMENT_TARGET = 11.3;
				MTL_ENABLE_DEBUG_INFO = YES;
				ONLY_ACTIVE_ARCH = YES;
				SDKROOT = iphoneos;
				SWIFT_ACTIVE_COMPILATION_CONDITIONS = DEBUG;
				SWIFT_OPTIMIZATION_LEVEL = "-Onone";
				VERSIONING_SYSTEM = "apple-generic";
				VERSION_INFO_PREFIX = "";
			};
			name = Debug;
		};
		688C2072210CEAD700C82C7A /* Release */ = {
			isa = XCBuildConfiguration;
			buildSettings = {
				ALWAYS_SEARCH_USER_PATHS = NO;
				CLANG_ANALYZER_NONNULL = YES;
				CLANG_ANALYZER_NUMBER_OBJECT_CONVERSION = YES_AGGRESSIVE;
				CLANG_CXX_LANGUAGE_STANDARD = "gnu++14";
				CLANG_CXX_LIBRARY = "libc++";
				CLANG_ENABLE_MODULES = YES;
				CLANG_ENABLE_OBJC_ARC = YES;
				CLANG_ENABLE_OBJC_WEAK = YES;
				CLANG_WARN_BLOCK_CAPTURE_AUTORELEASING = YES;
				CLANG_WARN_BOOL_CONVERSION = YES;
				CLANG_WARN_COMMA = YES;
				CLANG_WARN_CONSTANT_CONVERSION = YES;
				CLANG_WARN_DEPRECATED_OBJC_IMPLEMENTATIONS = YES;
				CLANG_WARN_DIRECT_OBJC_ISA_USAGE = YES_ERROR;
				CLANG_WARN_DOCUMENTATION_COMMENTS = YES;
				CLANG_WARN_EMPTY_BODY = YES;
				CLANG_WARN_ENUM_CONVERSION = YES;
				CLANG_WARN_INFINITE_RECURSION = YES;
				CLANG_WARN_INT_CONVERSION = YES;
				CLANG_WARN_NON_LITERAL_NULL_CONVERSION = YES;
				CLANG_WARN_OBJC_IMPLICIT_RETAIN_SELF = YES;
				CLANG_WARN_OBJC_LITERAL_CONVERSION = YES;
				CLANG_WARN_OBJC_ROOT_CLASS = YES_ERROR;
				CLANG_WARN_RANGE_LOOP_ANALYSIS = YES;
				CLANG_WARN_STRICT_PROTOTYPES = YES;
				CLANG_WARN_SUSPICIOUS_MOVE = YES;
				CLANG_WARN_UNGUARDED_AVAILABILITY = YES_AGGRESSIVE;
				CLANG_WARN_UNREACHABLE_CODE = YES;
				CLANG_WARN__DUPLICATE_METHOD_MATCH = YES;
				CODE_SIGN_IDENTITY = "iPhone Developer";
				COPY_PHASE_STRIP = NO;
				CURRENT_PROJECT_VERSION = 1;
				DEBUG_INFORMATION_FORMAT = "dwarf-with-dsym";
				ENABLE_NS_ASSERTIONS = NO;
				ENABLE_STRICT_OBJC_MSGSEND = YES;
				GCC_C_LANGUAGE_STANDARD = gnu11;
				GCC_NO_COMMON_BLOCKS = YES;
				GCC_WARN_64_TO_32_BIT_CONVERSION = YES;
				GCC_WARN_ABOUT_RETURN_TYPE = YES_ERROR;
				GCC_WARN_UNDECLARED_SELECTOR = YES;
				GCC_WARN_UNINITIALIZED_AUTOS = YES_AGGRESSIVE;
				GCC_WARN_UNUSED_FUNCTION = YES;
				GCC_WARN_UNUSED_VARIABLE = YES;
				IPHONEOS_DEPLOYMENT_TARGET = 11.3;
				MTL_ENABLE_DEBUG_INFO = NO;
				SDKROOT = iphoneos;
				SWIFT_COMPILATION_MODE = wholemodule;
				SWIFT_OPTIMIZATION_LEVEL = "-O";
				VALIDATE_PRODUCT = YES;
				VERSIONING_SYSTEM = "apple-generic";
				VERSION_INFO_PREFIX = "";
			};
			name = Release;
		};
		688C2074210CEAD700C82C7A /* Debug */ = {
			isa = XCBuildConfiguration;
			buildSettings = {
				CLANG_ENABLE_MODULES = YES;
				CODE_SIGN_IDENTITY = "";
				CODE_SIGN_STYLE = Automatic;
				DEFINES_MODULE = YES;
				DYLIB_COMPATIBILITY_VERSION = 1;
				DYLIB_CURRENT_VERSION = 1;
				DYLIB_INSTALL_NAME_BASE = "@rpath";
				INFOPLIST_FILE = DateManager/Info.plist;
				INSTALL_PATH = "$(LOCAL_LIBRARY_DIR)/Frameworks";
				LD_RUNPATH_SEARCH_PATHS = (
					"$(inherited)",
					"@executable_path/Frameworks",
					"@loader_path/Frameworks",
				);
				PRODUCT_BUNDLE_IDENTIFIER = com.Test.test.DateManager;
				PRODUCT_NAME = "$(TARGET_NAME:c99extidentifier)";
				SKIP_INSTALL = YES;
				SWIFT_OPTIMIZATION_LEVEL = "-Onone";
				SWIFT_VERSION = 4.0;
				TARGETED_DEVICE_FAMILY = "1,2";
			};
			name = Debug;
		};
		688C2075210CEAD700C82C7A /* Release */ = {
			isa = XCBuildConfiguration;
			buildSettings = {
				CLANG_ENABLE_MODULES = YES;
				CODE_SIGN_IDENTITY = "";
				CODE_SIGN_STYLE = Automatic;
				DEFINES_MODULE = YES;
				DYLIB_COMPATIBILITY_VERSION = 1;
				DYLIB_CURRENT_VERSION = 1;
				DYLIB_INSTALL_NAME_BASE = "@rpath";
				INFOPLIST_FILE = DateManager/Info.plist;
				INSTALL_PATH = "$(LOCAL_LIBRARY_DIR)/Frameworks";
				LD_RUNPATH_SEARCH_PATHS = (
					"$(inherited)",
					"@executable_path/Frameworks",
					"@loader_path/Frameworks",
				);
				PRODUCT_BUNDLE_IDENTIFIER = com.Test.test.DateManager;
				PRODUCT_NAME = "$(TARGET_NAME:c99extidentifier)";
				SKIP_INSTALL = YES;
				SWIFT_VERSION = 4.0;
				TARGETED_DEVICE_FAMILY = "1,2";
			};
			name = Release;
		};
		688C2077210CEAD700C82C7A /* Debug */ = {
			isa = XCBuildConfiguration;
			buildSettings = {
				ALWAYS_EMBED_SWIFT_STANDARD_LIBRARIES = YES;
				CODE_SIGN_STYLE = Automatic;
				INFOPLIST_FILE = DateManagerTests/Info.plist;
				LD_RUNPATH_SEARCH_PATHS = (
					"$(inherited)",
					"@executable_path/Frameworks",
					"@loader_path/Frameworks",
				);
				PRODUCT_BUNDLE_IDENTIFIER = com.Test.test.DateManagerTests;
				PRODUCT_NAME = "$(TARGET_NAME)";
				SWIFT_VERSION = 4.0;
				TARGETED_DEVICE_FAMILY = "1,2";
			};
			name = Debug;
		};
		688C2078210CEAD700C82C7A /* Release */ = {
			isa = XCBuildConfiguration;
			buildSettings = {
				ALWAYS_EMBED_SWIFT_STANDARD_LIBRARIES = YES;
				CODE_SIGN_STYLE = Automatic;
				INFOPLIST_FILE = DateManagerTests/Info.plist;
				LD_RUNPATH_SEARCH_PATHS = (
					"$(inherited)",
					"@executable_path/Frameworks",
					"@loader_path/Frameworks",
				);
				PRODUCT_BUNDLE_IDENTIFIER = com.Test.test.DateManagerTests;
				PRODUCT_NAME = "$(TARGET_NAME)";
				SWIFT_VERSION = 4.0;
				TARGETED_DEVICE_FAMILY = "1,2";
			};
			name = Release;
		};
/* End XCBuildConfiguration section */

/* Begin XCConfigurationList section */
		688C2059210CEAD700C82C7A /* Build configuration list for PBXProject "DateManager" */ = {
			isa = XCConfigurationList;
			buildConfigurations = (
				688C2071210CEAD700C82C7A /* Debug */,
				688C2072210CEAD700C82C7A /* Release */,
			);
			defaultConfigurationIsVisible = 0;
			defaultConfigurationName = Release;
		};
		688C2073210CEAD700C82C7A /* Build configuration list for PBXNativeTarget "DateManager" */ = {
			isa = XCConfigurationList;
			buildConfigurations = (
				688C2074210CEAD700C82C7A /* Debug */,
				688C2075210CEAD700C82C7A /* Release */,
			);
			defaultConfigurationIsVisible = 0;
			defaultConfigurationName = Release;
		};
		688C2076210CEAD700C82C7A /* Build configuration list for PBXNativeTarget "DateManagerTests" */ = {
			isa = XCConfigurationList;
			buildConfigurations = (
				688C2077210CEAD700C82C7A /* Debug */,
				688C2078210CEAD700C82C7A /* Release */,
			);
			defaultConfigurationIsVisible = 0;
			defaultConfigurationName = Release;
		};
/* End XCConfigurationList section */
	};
	rootObject = 688C2056210CEAD700C82C7A /* Project object */;
}
